
Microsoft Visual Studio Solution File, Format Version 12.00
# Visual Studio Version 16
VisualStudioVersion = 25.0.1705.0
MinimumVisualStudioVersion = 10.0.40219.1
Project("{FAE04EC0-301F-11D3-BF4B-00C04F79EFBC}") = "buildapp", "buildapp\buildapp.csproj", "{C571B8AD-7E38-4214-9576-D447EDF061A6}"
EndProject
Global
	GlobalSection(SolutionConfigurationPlatforms) = preSolution
		Debug|Any CPU = Debug|Any CPU
		Release|Any CPU = Release|Any CPU
	EndGlobalSection
	GlobalSection(ProjectConfigurationPlatforms) = postSolution
		{C571B8AD-7E38-4214-9576-D447EDF061A6}.Debug|Any CPU.ActiveCfg = Debug|Any CPU
		{C571B8AD-7E38-4214-9576-D447EDF061A6}.Debug|Any CPU.Build.0 = Debug|Any CPU
		{C571B8AD-7E38-4214-9576-D447EDF061A6}.Release|Any CPU.ActiveCfg = Release|Any CPU
		{C571B8AD-7E38-4214-9576-D447EDF061A6}.Release|Any CPU.Build.0 = Release|Any CPU
	EndGlobalSection
	GlobalSection(SolutionProperties) = preSolution
		HideSolutionNode = FALSE
	EndGlobalSection
	GlobalSection(ExtensibilityGlobals) = postSolution
		SolutionGuid = {65170D2D-1C58-477B-B2EE-82C9AEF5087F}
	EndGlobalSection
EndGlobal
